
Microsoft Visual Studio Solution File, Format Version 12.00
# Visual Studio 15
VisualStudioVersion = 15.0.28010.2036
MinimumVisualStudioVersion = 10.0.40219.1
Project("{FAE04EC0-301F-11D3-BF4B-00C04F79EFBC}") = "Bot Builder Echo Bot V4", "Bot-Builder\Bot Builder Echo Bot V4\Bot Builder Echo Bot V4.csproj", "{9369CB90-C2F7-4BFA-9E9B-0205E71D937A}"
EndProject
Project("{FAE04EC0-301F-11D3-BF4B-00C04F79EFBC}") = "Bot Builder Basic Bot V4", "Bot-Builder\Bot Builder Basic Bot V4\Bot Builder Basic Bot V4.csproj", "{DB405401-7F55-4687-8E97-BD22E04A5463}"
EndProject
Global
	GlobalSection(SolutionConfigurationPlatforms) = preSolution
		Debug|Any CPU = Debug|Any CPU
		Release|Any CPU = Release|Any CPU
	EndGlobalSection
	GlobalSection(ProjectConfigurationPlatforms) = postSolution
		{9369CB90-C2F7-4BFA-9E9B-0205E71D937A}.Debug|Any CPU.ActiveCfg = Debug|Any CPU
		{9369CB90-C2F7-4BFA-9E9B-0205E71D937A}.Debug|Any CPU.Build.0 = Debug|Any CPU
		{9369CB90-C2F7-4BFA-9E9B-0205E71D937A}.Release|Any CPU.ActiveCfg = Release|Any CPU
		{9369CB90-C2F7-4BFA-9E9B-0205E71D937A}.Release|Any CPU.Build.0 = Release|Any CPU
		{DB405401-7F55-4687-8E97-BD22E04A5463}.Debug|Any CPU.ActiveCfg = Debug|Any CPU
		{DB405401-7F55-4687-8E97-BD22E04A5463}.Debug|Any CPU.Build.0 = Debug|Any CPU
		{DB405401-7F55-4687-8E97-BD22E04A5463}.Release|Any CPU.ActiveCfg = Release|Any CPU
		{DB405401-7F55-4687-8E97-BD22E04A5463}.Release|Any CPU.Build.0 = Release|Any CPU
	EndGlobalSection
	GlobalSection(SolutionProperties) = preSolution
		HideSolutionNode = FALSE
	EndGlobalSection
	GlobalSection(ExtensibilityGlobals) = postSolution
		SolutionGuid = {42A50CC2-6128-40D6-B383-0919058D6071}
	EndGlobalSection
EndGlobal
